
Microsoft Visual Studio Solution File, Format Version 12.00
# Visual Studio 2013
VisualStudioVersion = 12.0.40629.0
MinimumVisualStudioVersion = 10.0.40219.1
Project("{FAE04EC0-301F-11D3-BF4B-00C04F79EFBC}") = "FlatEngine", "FlatEngine\FlatEngine.csproj", "{53BAB107-8BCF-4471-BB94-1E78D3FBBFEB}"
EndProject
Project("{FAE04EC0-301F-11D3-BF4B-00C04F79EFBC}") = "FlatUI", "FlatUI\FlatUI.csproj", "{7D2B5D34-5326-470B-861D-4511D888B0CE}"
EndProject
Global
	GlobalSection(SolutionConfigurationPlatforms) = preSolution
		Debug|Any CPU = Debug|Any CPU
		Debug|x64 = Debug|x64
		Debug|x86 = Debug|x86
		Release|Any CPU = Release|Any CPU
		Release|x64 = Release|x64
		Release|x86 = Release|x86
	EndGlobalSection
	GlobalSection(ProjectConfigurationPlatforms) = postSolution
		{53BAB107-8BCF-4471-BB94-1E78D3FBBFEB}.Debug|Any CPU.ActiveCfg = Debug|Any CPU
		{53BAB107-8BCF-4471-BB94-1E78D3FBBFEB}.Debug|Any CPU.Build.0 = Debug|Any CPU
		{53BAB107-8BCF-4471-BB94-1E78D3FBBFEB}.Debug|x64.ActiveCfg = Debug|x64
		{53BAB107-8BCF-4471-BB94-1E78D3FBBFEB}.Debug|x64.Build.0 = Debug|x64
		{53BAB107-8BCF-4471-BB94-1E78D3FBBFEB}.Debug|x86.ActiveCfg = Debug|x86
		{53BAB107-8BCF-4471-BB94-1E78D3FBBFEB}.Debug|x86.Build.0 = Debug|x86
		{53BAB107-8BCF-4471-BB94-1E78D3FBBFEB}.Release|Any CPU.ActiveCfg = Release|Any CPU
		{53BAB107-8BCF-4471-BB94-1E78D3FBBFEB}.Release|Any CPU.Build.0 = Release|Any CPU
		{53BAB107-8BCF-4471-BB94-1E78D3FBBFEB}.Release|x64.ActiveCfg = Release|x64
		{53BAB107-8BCF-4471-BB94-1E78D3FBBFEB}.Release|x64.Build.0 = Release|x64
		{53BAB107-8BCF-4471-BB94-1E78D3FBBFEB}.Release|x86.ActiveCfg = Release|x86
		{53BAB107-8BCF-4471-BB94-1E78D3FBBFEB}.Release|x86.Build.0 = Release|x86
		{7D2B5D34-5326-470B-861D-4511D888B0CE}.Debug|Any CPU.ActiveCfg = Debug|Any CPU
		{7D2B5D34-5326-470B-861D-4511D888B0CE}.Debug|Any CPU.Build.0 = Debug|Any CPU
		{7D2B5D34-5326-470B-861D-4511D888B0CE}.Debug|x64.ActiveCfg = Debug|x64
		{7D2B5D34-5326-470B-861D-4511D888B0CE}.Debug|x64.Build.0 = Debug|x64
		{7D2B5D34-5326-470B-861D-4511D888B0CE}.Debug|x86.ActiveCfg = Debug|x86
		{7D2B5D34-5326-470B-861D-4511D888B0CE}.Debug|x86.Build.0 = Debug|x86
		{7D2B5D34-5326-470B-861D-4511D888B0CE}.Release|Any CPU.ActiveCfg = Release|Any CPU
		{7D2B5D34-5326-470B-861D-4511D888B0CE}.Release|Any CPU.Build.0 = Release|Any CPU
		{7D2B5D34-5326-470B-861D-4511D888B0CE}.Release|x64.ActiveCfg = Release|x64
		{7D2B5D34-5326-470B-861D-4511D888B0CE}.Release|x64.Build.0 = Release|x64
		{7D2B5D34-5326-470B-861D-4511D888B0CE}.Release|x86.ActiveCfg = Release|x86
		{7D2B5D34-5326-470B-861D-4511D888B0CE}.Release|x86.Build.0 = Release|x86
	EndGlobalSection
	GlobalSection(SolutionProperties) = preSolution
		HideSolutionNode = FALSE
	EndGlobalSection
EndGlobal
